
Microsoft Visual Studio Solution File, Format Version 12.00
# Visual Studio 2013
VisualStudioVersion = 12.0.21005.1
MinimumVisualStudioVersion = 10.0.40219.1
Project("{FAE04EC0-301F-11D3-BF4B-00C04F79EFBC}") = "NPOICreateDocx", "NPOICreateDocx\NPOICreateDocx.csproj", "{00C2290D-3C49-4F25-BA0A-047F56E2E130}"
EndProject
Project("{FAE04EC0-301F-11D3-BF4B-00C04F79EFBC}") = "test", "test\test.csproj", "{153CFB0F-17FF-40B7-8C11-6B03151A75DB}"
EndProject
Global
	GlobalSection(SolutionConfigurationPlatforms) = preSolution
		Debug|Any CPU = Debug|Any CPU
		Debug|Mixed Platforms = Debug|Mixed Platforms
		Debug|x86 = Debug|x86
		Release|Any CPU = Release|Any CPU
		Release|Mixed Platforms = Release|Mixed Platforms
		Release|x86 = Release|x86
	EndGlobalSection
	GlobalSection(ProjectConfigurationPlatforms) = postSolution
		{00C2290D-3C49-4F25-BA0A-047F56E2E130}.Debug|Any CPU.ActiveCfg = Debug|x86
		{00C2290D-3C49-4F25-BA0A-047F56E2E130}.Debug|Mixed Platforms.ActiveCfg = Debug|x86
		{00C2290D-3C49-4F25-BA0A-047F56E2E130}.Debug|Mixed Platforms.Build.0 = Debug|x86
		{00C2290D-3C49-4F25-BA0A-047F56E2E130}.Debug|x86.ActiveCfg = Debug|x86
		{00C2290D-3C49-4F25-BA0A-047F56E2E130}.Debug|x86.Build.0 = Debug|x86
		{00C2290D-3C49-4F25-BA0A-047F56E2E130}.Release|Any CPU.ActiveCfg = Release|x86
		{00C2290D-3C49-4F25-BA0A-047F56E2E130}.Release|Mixed Platforms.ActiveCfg = Release|x86
		{00C2290D-3C49-4F25-BA0A-047F56E2E130}.Release|Mixed Platforms.Build.0 = Release|x86
		{00C2290D-3C49-4F25-BA0A-047F56E2E130}.Release|x86.ActiveCfg = Release|x86
		{00C2290D-3C49-4F25-BA0A-047F56E2E130}.Release|x86.Build.0 = Release|x86
		{153CFB0F-17FF-40B7-8C11-6B03151A75DB}.Debug|Any CPU.ActiveCfg = Debug|Any CPU
		{153CFB0F-17FF-40B7-8C11-6B03151A75DB}.Debug|Any CPU.Build.0 = Debug|Any CPU
		{153CFB0F-17FF-40B7-8C11-6B03151A75DB}.Debug|Mixed Platforms.ActiveCfg = Debug|Any CPU
		{153CFB0F-17FF-40B7-8C11-6B03151A75DB}.Debug|Mixed Platforms.Build.0 = Debug|Any CPU
		{153CFB0F-17FF-40B7-8C11-6B03151A75DB}.Debug|x86.ActiveCfg = Debug|Any CPU
		{153CFB0F-17FF-40B7-8C11-6B03151A75DB}.Release|Any CPU.ActiveCfg = Release|Any CPU
		{153CFB0F-17FF-40B7-8C11-6B03151A75DB}.Release|Any CPU.Build.0 = Release|Any CPU
		{153CFB0F-17FF-40B7-8C11-6B03151A75DB}.Release|Mixed Platforms.ActiveCfg = Release|Any CPU
		{153CFB0F-17FF-40B7-8C11-6B03151A75DB}.Release|Mixed Platforms.Build.0 = Release|Any CPU
		{153CFB0F-17FF-40B7-8C11-6B03151A75DB}.Release|x86.ActiveCfg = Release|Any CPU
	EndGlobalSection
	GlobalSection(SolutionProperties) = preSolution
		HideSolutionNode = FALSE
	EndGlobalSection
EndGlobal
